
Microsoft Visual Studio Solution File, Format Version 12.00
# Visual Studio 15
VisualStudioVersion = 15.0.27703.2047
MinimumVisualStudioVersion = 10.0.40219.1
Project("{FAE04EC0-301F-11D3-BF4B-00C04F79EFBC}") = "PLC-数据采集系统-V1", "PLC-数据采集系统-V1\PLC-数据采集系统-V1.csproj", "{5CADAA8F-1678-4389-8C48-1294F175AE7D}"
EndProject
Global
	GlobalSection(SolutionConfigurationPlatforms) = preSolution
		Debug|Any CPU = Debug|Any CPU
		Release|Any CPU = Release|Any CPU
	EndGlobalSection
	GlobalSection(ProjectConfigurationPlatforms) = postSolution
		{5CADAA8F-1678-4389-8C48-1294F175AE7D}.Debug|Any CPU.ActiveCfg = Debug|Any CPU
		{5CADAA8F-1678-4389-8C48-1294F175AE7D}.Debug|Any CPU.Build.0 = Debug|Any CPU
		{5CADAA8F-1678-4389-8C48-1294F175AE7D}.Release|Any CPU.ActiveCfg = Release|Any CPU
		{5CADAA8F-1678-4389-8C48-1294F175AE7D}.Release|Any CPU.Build.0 = Release|Any CPU
	EndGlobalSection
	GlobalSection(SolutionProperties) = preSolution
		HideSolutionNode = FALSE
	EndGlobalSection
	GlobalSection(ExtensibilityGlobals) = postSolution
		SolutionGuid = {07DE1485-7958-4BE4-9A7E-C627E1DA4591}
	EndGlobalSection
EndGlobal
